
Microsoft Visual Studio Solution File, Format Version 12.00
# Visual Studio 15
VisualStudioVersion = 15.0.34112.143
MinimumVisualStudioVersion = 10.0.40219.1
Project("{9A19103F-16F7-4668-BE54-9A1E7A4F7556}") = "BankTransactionsAPI", "BankTransactions\BankTransactionsAPI.csproj", "{FEB9E30B-9E10-4963-B253-B52967090512}"
EndProject
Global
	GlobalSection(SolutionConfigurationPlatforms) = preSolution
		Debug|Any CPU = Debug|Any CPU
		Release|Any CPU = Release|Any CPU
	EndGlobalSection
	GlobalSection(ProjectConfigurationPlatforms) = postSolution
		{FEB9E30B-9E10-4963-B253-B52967090512}.Debug|Any CPU.ActiveCfg = Debug|Any CPU
		{FEB9E30B-9E10-4963-B253-B52967090512}.Debug|Any CPU.Build.0 = Debug|Any CPU
		{FEB9E30B-9E10-4963-B253-B52967090512}.Release|Any CPU.ActiveCfg = Release|Any CPU
		{FEB9E30B-9E10-4963-B253-B52967090512}.Release|Any CPU.Build.0 = Release|Any CPU
	EndGlobalSection
	GlobalSection(SolutionProperties) = preSolution
		HideSolutionNode = FALSE
	EndGlobalSection
	GlobalSection(ExtensibilityGlobals) = postSolution
		SolutionGuid = {52892406-C8C1-423D-B675-178A594DA729}
	EndGlobalSection
EndGlobal
